
Microsoft Visual Studio Solution File, Format Version 12.00
# Visual Studio Version 17
VisualStudioVersion = 17.2.32630.192
MinimumVisualStudioVersion = 10.0.40219.1
Project("{FAE04EC0-301F-11D3-BF4B-00C04F79EFBC}") = "Arraia", "\Brtnspo01st01\app\Administrativo\TI\Nicolas\PROGRAMAÇÃO\C#\Arraia\Arraia\Arraia.csproj", "{2EFF78C3-2752-4E8F-87FD-911CF903D995}"
EndProject
Global
	GlobalSection(SolutionConfigurationPlatforms) = preSolution
		Debug|Any CPU = Debug|Any CPU
		Release|Any CPU = Release|Any CPU
	EndGlobalSection
	GlobalSection(ProjectConfigurationPlatforms) = postSolution
		{2EFF78C3-2752-4E8F-87FD-911CF903D995}.Debug|Any CPU.ActiveCfg = Debug|Any CPU
		{2EFF78C3-2752-4E8F-87FD-911CF903D995}.Debug|Any CPU.Build.0 = Debug|Any CPU
		{2EFF78C3-2752-4E8F-87FD-911CF903D995}.Release|Any CPU.ActiveCfg = Release|Any CPU
		{2EFF78C3-2752-4E8F-87FD-911CF903D995}.Release|Any CPU.Build.0 = Release|Any CPU
	EndGlobalSection
	GlobalSection(SolutionProperties) = preSolution
		HideSolutionNode = FALSE
	EndGlobalSection
	GlobalSection(ExtensibilityGlobals) = postSolution
		SolutionGuid = {166E98F2-223A-416C-A2F8-1B937F868101}
	EndGlobalSection
EndGlobal
